<?xml version="1.0" encoding="utf-8"?>
<Project ToolsVersion="4.0" xmlns="http://schemas.microsoft.com/developer/msbuild/2003">
  <ItemGroup>
    <Filter Include="Source Files">
      <UniqueIdentifier>{db1b9c59-cd49-4603-b72e-2c4496692ea0}</UniqueIdentifier>
      <Extensions>cpp;c;cxx;rc;def;r;odl;idl;hpj;bat</Extensions>
    </Filter>
    <Filter Include="Header Files">
      <UniqueIdentifier>{c4b164dd-c72b-4728-9ed7-771f8c275d03}</UniqueIdentifier>
      <Extensions>h;hpp;hxx;hm;inl</Extensions>
    </Filter>
    <Filter Include="Resource Files">
      <UniqueIdentifier>{fc2b29b4-ded3-4168-9d88-bca5e482ecde}</UniqueIdentifier>
      <Extensions>ico;cur;bmp;dlg;rc2;rct;bin;rgs;gif;jpg;jpeg;jpe</Extensions>
    </Filter>
  </ItemGroup>
  <ItemGroup>
    <ClCompile Include="GameObject.cpp">
      <Filter>Source Files</Filter>
    </ClCompile>
    <ClCompile Include="LcModel.cpp">
      <Filter>Source Files</Filter>
    </ClCompile>
    <ClCompile Include="LcTexture.cpp">
      <Filter>Source Files</Filter>
    </ClCompile>
    <ClCompile Include="SpBasic.cpp">
      <Filter>Source Files</Filter>
    </ClCompile>
  </ItemGroup>
  <ItemGroup>
    <ClInclude Include="GameObject.h">
      <Filter>Header Files</Filter>
    </ClInclude>
    <ClInclude Include="ILcModel.h">
      <Filter>Header Files</Filter>
    </ClInclude>
    <ClInclude Include="ILcTexture.h">
      <Filter>Header Files</Filter>
    </ClInclude>
    <ClInclude Include="LcModel.h">
      <Filter>Header Files</Filter>
    </ClInclude>
    <ClInclude Include="LcTexture.h">
      <Filter>Header Files</Filter>
    </ClInclude>
  </ItemGroup>
</Project>