<?xml version="1.0" encoding="utf-8"?>
<Project ToolsVersion="4.0" xmlns="http://schemas.microsoft.com/developer/msbuild/2003">
  <ItemGroup>
    <Filter Include="Source Files">
      <UniqueIdentifier>{d7456798-5bd9-47b3-9b3b-9493edfedc8d}</UniqueIdentifier>
      <Extensions>cpp;c;cxx;rc;def;r;odl;idl;hpj;bat</Extensions>
    </Filter>
    <Filter Include="Header Files">
      <UniqueIdentifier>{1d5d4d1e-7b1a-48a2-9c3f-22988f8610c0}</UniqueIdentifier>
      <Extensions>h;hpp;hxx;hm;inl</Extensions>
    </Filter>
  </ItemGroup>
  <ItemGroup>
    <ClCompile Include="dsutil.cpp">
      <Filter>Source Files</Filter>
    </ClCompile>
    <ClCompile Include="LcFont.cpp">
      <Filter>Source Files</Filter>
    </ClCompile>
    <ClCompile Include="LcInput.cpp">
      <Filter>Source Files</Filter>
    </ClCompile>
    <ClCompile Include="LcModel.cpp">
      <Filter>Source Files</Filter>
    </ClCompile>
    <ClCompile Include="LcSound.cpp">
      <Filter>Source Files</Filter>
    </ClCompile>
    <ClCompile Include="LcTexture.cpp">
      <Filter>Source Files</Filter>
    </ClCompile>
    <ClCompile Include="SpLib.cpp">
      <Filter>Source Files</Filter>
    </ClCompile>
  </ItemGroup>
  <ItemGroup>
    <ClInclude Include="dsutil.h">
      <Filter>Header Files</Filter>
    </ClInclude>
    <ClInclude Include="ILcFont.h">
      <Filter>Header Files</Filter>
    </ClInclude>
    <ClInclude Include="ILcInput.h">
      <Filter>Header Files</Filter>
    </ClInclude>
    <ClInclude Include="ILcModel.h">
      <Filter>Header Files</Filter>
    </ClInclude>
    <ClInclude Include="ILcSound.h">
      <Filter>Header Files</Filter>
    </ClInclude>
    <ClInclude Include="ILcTexture.h">
      <Filter>Header Files</Filter>
    </ClInclude>
    <ClInclude Include="LcFont.h">
      <Filter>Header Files</Filter>
    </ClInclude>
    <ClInclude Include="LcInput.h">
      <Filter>Header Files</Filter>
    </ClInclude>
    <ClInclude Include="LcModel.h">
      <Filter>Header Files</Filter>
    </ClInclude>
    <ClInclude Include="LcSound.h">
      <Filter>Header Files</Filter>
    </ClInclude>
    <ClInclude Include="LcTexture.h">
      <Filter>Header Files</Filter>
    </ClInclude>
    <ClInclude Include="SpLib.h">
      <Filter>Header Files</Filter>
    </ClInclude>
  </ItemGroup>
</Project>