
Microsoft Visual Studio Solution File, Format Version 12.00
# Visual Studio Version 16
VisualStudioVersion = 16.0.36227.6
MinimumVisualStudioVersion = 10.0.40219.1
Project("{8BC9CEB8-8B4A-11D0-8D11-00A0C91BC942}") = "SpLibApp", "SpLibApp.vcxproj", "{5EAE696F-32EC-4FF5-85FF-EC3628DCBD63}"
EndProject
Global
	GlobalSection(SolutionConfigurationPlatforms) = preSolution
		Debug|x86 = Debug|x86
		Release|x86 = Release|x86
	EndGlobalSection
	GlobalSection(ProjectConfigurationPlatforms) = postSolution
		{5EAE696F-32EC-4FF5-85FF-EC3628DCBD63}.Debug|x86.ActiveCfg = Debug|Win32
		{5EAE696F-32EC-4FF5-85FF-EC3628DCBD63}.Debug|x86.Build.0 = Debug|Win32
		{5EAE696F-32EC-4FF5-85FF-EC3628DCBD63}.Release|x86.ActiveCfg = Release|Win32
		{5EAE696F-32EC-4FF5-85FF-EC3628DCBD63}.Release|x86.Build.0 = Release|Win32
	EndGlobalSection
	GlobalSection(SolutionProperties) = preSolution
		HideSolutionNode = FALSE
	EndGlobalSection
	GlobalSection(ExtensibilityGlobals) = postSolution
		SolutionGuid = {8B8C0F13-4039-4E61-A2F4-4CF593BECEF6}
	EndGlobalSection
EndGlobal
